// !$*UTF8*$!
{
	archiveVersion = 1;
	classes = {
	};
	objectVersion = 46;
	objects = {

/* Begin PBXBuildFile section */
		197DA0931CF4CC33004E4909 /* AppDelegate.swift in Sources */ = {isa = PBXBuildFile; fileRef = 197DA0921CF4CC33004E4909 /* AppDelegate.swift */; };
		197DA0951CF4CC33004E4909 /* ViewController.swift in Sources */ = {isa = PBXBuildFile; fileRef = 197DA0941CF4CC33004E4909 /* ViewController.swift */; };
		197DA09A1CF4CC33004E4909 /* Assets.xcassets in Resources */ = {isa = PBXBuildFile; fileRef = 197DA0991CF4CC33004E4909 /* Assets.xcassets */; };
		197DA09D1CF4CC33004E4909 /* LaunchScreen.storyboard in Resources */ = {isa = PBXBuildFile; fileRef = 197DA09B1CF4CC33004E4909 /* LaunchScreen.storyboard */; };
		19A00A391CF638C2002D07D8 /* Ayan_sings.gif in Resources */ = {isa = PBXBuildFile; fileRef = 19A00A381CF638C2002D07D8 /* Ayan_sings.gif */; };
		C51CA6E81CF6243700323A60 /* ComecoViewController.swift in Sources */ = {isa = PBXBuildFile; fileRef = C51CA6E71CF6243700323A60 /* ComecoViewController.swift */; };
		C51CA6EA1CF6270B00323A60 /* AutenticacaoViewController.swift in Sources */ = {isa = PBXBuildFile; fileRef = C51CA6E91CF6270B00323A60 /* AutenticacaoViewController.swift */; };
		C51CA6EC1CF629AE00323A60 /* PesquisaSegue.swift in Sources */ = {isa = PBXBuildFile; fileRef = C51CA6EB1CF629AE00323A60 /* PesquisaSegue.swift */; };
		C51CA6EE1CF62D8F00323A60 /* MyTableViewCell.swift in Sources */ = {isa = PBXBuildFile; fileRef = C51CA6ED1CF62D8F00323A60 /* MyTableViewCell.swift */; };
		C51CA6F21CF634A600323A60 /* ResearchKit.framework in Frameworks */ = {isa = PBXBuildFile; fileRef = C5F7C62C1CF4E1A600EA7070 /* ResearchKit.framework */; };
		C51CA6F31CF634A600323A60 /* ResearchKit.framework in Embed Frameworks */ = {isa = PBXBuildFile; fileRef = C5F7C62C1CF4E1A600EA7070 /* ResearchKit.framework */; settings = {ATTRIBUTES = (CodeSignOnCopy, RemoveHeadersOnCopy, ); }; };
		C51CA6F71CF6362500323A60 /* Main.storyboard in Resources */ = {isa = PBXBuildFile; fileRef = C51CA6F61CF6362500323A60 /* Main.storyboard */; };
		C5F7C6361CF4E4D300EA7070 /* MongolInstruction.swift in Sources */ = {isa = PBXBuildFile; fileRef = C5F7C6351CF4E4D300EA7070 /* MongolInstruction.swift */; };
		C5F7C63B1CF4F01700EA7070 /* MongolVideoPlayer.swift in Sources */ = {isa = PBXBuildFile; fileRef = C5F7C6391CF4F01700EA7070 /* MongolVideoPlayer.swift */; };
		C5F7C63C1CF4F01700EA7070 /* MongolAudioPlayer.swift in Sources */ = {isa = PBXBuildFile; fileRef = C5F7C63A1CF4F01700EA7070 /* MongolAudioPlayer.swift */; };
		C5F7C63F1CF4F01D00EA7070 /* ezenggileer.mp3 in Resources */ = {isa = PBXBuildFile; fileRef = C5F7C63D1CF4F01D00EA7070 /* ezenggileer.mp3 */; };
		C5F7C6401CF4F01D00EA7070 /* Batzorig Vaanchig - Morin Khuur.mp4 in Resources */ = {isa = PBXBuildFile; fileRef = C5F7C63E1CF4F01D00EA7070 /* Batzorig Vaanchig - Morin Khuur.mp4 */; };
/* End PBXBuildFile section */

/* Begin PBXContainerItemProxy section */
		19A00A401CF638F9002D07D8 /* PBXContainerItemProxy */ = {
			isa = PBXContainerItemProxy;
			containerPortal = 19A00A3A1CF638F9002D07D8 /* ResearchKit.xcodeproj */;
			proxyType = 2;
			remoteGlobalIDString = B183A5951A8535D100C76870;
			remoteInfo = ResearchKit;
		};
		19A00A421CF638F9002D07D8 /* PBXContainerItemProxy */ = {
			isa = PBXContainerItemProxy;
			containerPortal = 19A00A3A1CF638F9002D07D8 /* ResearchKit.xcodeproj */;
			proxyType = 2;
			remoteGlobalIDString = 86CC8E9A1AC09332001CCD89;
			remoteInfo = ResearchKitTests;
		};
		C51CA6F41CF634A600323A60 /* PBXContainerItemProxy */ = {
			isa = PBXContainerItemProxy;
			containerPortal = C5F7C6251CF4E1A600EA7070 /* ResearchKit.xcodeproj */;
			proxyType = 1;
			remoteGlobalIDString = B183A4731A8535D100C76870;
			remoteInfo = ResearchKit;
		};
		C5F7C62B1CF4E1A600EA7070 /* PBXContainerItemProxy */ = {
			isa = PBXContainerItemProxy;
			containerPortal = C5F7C6251CF4E1A600EA7070 /* ResearchKit.xcodeproj */;
			proxyType = 2;
			remoteGlobalIDString = B183A5951A8535D100C76870;
			remoteInfo = ResearchKit;
		};
		C5F7C62D1CF4E1A600EA7070 /* PBXContainerItemProxy */ = {
			isa = PBXContainerItemProxy;
			containerPortal = C5F7C6251CF4E1A600EA7070 /* ResearchKit.xcodeproj */;
			proxyType = 2;
			remoteGlobalIDString = 86CC8E9A1AC09332001CCD89;
			remoteInfo = ResearchKitTests;
		};
		C5F7C6321CF4E2E600EA7070 /* PBXContainerItemProxy */ = {
			isa = PBXContainerItemProxy;
			containerPortal = C5F7C6251CF4E1A600EA7070 /* ResearchKit.xcodeproj */;
			proxyType = 1;
			remoteGlobalIDString = B183A4731A8535D100C76870;
			remoteInfo = ResearchKit;
		};
/* End PBXContainerItemProxy section */

/* Begin PBXCopyFilesBuildPhase section */
		C5F7C6341CF4E2E600EA7070 /* Embed Frameworks */ = {
			isa = PBXCopyFilesBuildPhase;
			buildActionMask = 2147483647;
			dstPath = "";
			dstSubfolderSpec = 10;
			files = (
				C51CA6F31CF634A600323A60 /* ResearchKit.framework in Embed Frameworks */,
			);
			name = "Embed Frameworks";
			runOnlyForDeploymentPostprocessing = 0;
		};
/* End PBXCopyFilesBuildPhase section */

/* Begin PBXFileReference section */
		197DA08F1CF4CC33004E4909 /* GargantaResearch.app */ = {isa = PBXFileReference; explicitFileType = wrapper.application; includeInIndex = 0; path = GargantaResearch.app; sourceTree = BUILT_PRODUCTS_DIR; };
		197DA0921CF4CC33004E4909 /* AppDelegate.swift */ = {isa = PBXFileReference; lastKnownFileType = sourcecode.swift; path = AppDelegate.swift; sourceTree = "<group>"; };
		197DA0941CF4CC33004E4909 /* ViewController.swift */ = {isa = PBXFileReference; lastKnownFileType = sourcecode.swift; path = ViewController.swift; sourceTree = "<group>"; };
		197DA0991CF4CC33004E4909 /* Assets.xcassets */ = {isa = PBXFileReference; lastKnownFileType = folder.assetcatalog; path = Assets.xcassets; sourceTree = "<group>"; };
		197DA09C1CF4CC33004E4909 /* Base */ = {isa = PBXFileReference; lastKnownFileType = file.storyboard; name = Base; path = Base.lproj/LaunchScreen.storyboard; sourceTree = "<group>"; };
		197DA09E1CF4CC33004E4909 /* Info.plist */ = {isa = PBXFileReference; lastKnownFileType = text.plist.xml; path = Info.plist; sourceTree = "<group>"; };
		19A00A341CF62435002D07D8 /* GargantaResearch.entitlements */ = {isa = PBXFileReference; lastKnownFileType = text.xml; path = GargantaResearch.entitlements; sourceTree = "<group>"; };
		19A00A351CF62454002D07D8 /* CloudKit.framework */ = {isa = PBXFileReference; lastKnownFileType = wrapper.framework; name = CloudKit.framework; path = System/Library/Frameworks/CloudKit.framework; sourceTree = SDKROOT; };
		19A00A381CF638C2002D07D8 /* Ayan_sings.gif */ = {isa = PBXFileReference; lastKnownFileType = image.gif; path = Ayan_sings.gif; sourceTree = "<group>"; };
		19A00A3A1CF638F9002D07D8 /* ResearchKit.xcodeproj */ = {isa = PBXFileReference; lastKnownFileType = "wrapper.pb-project"; name = ResearchKit.xcodeproj; path = "../../../../Downloads/ResearchKit-master/ResearchKit.xcodeproj"; sourceTree = "<group>"; };
		C51CA6E31CF61C3000323A60 /* LocalAuthentication.framework */ = {isa = PBXFileReference; lastKnownFileType = wrapper.framework; name = LocalAuthentication.framework; path = System/Library/Frameworks/LocalAuthentication.framework; sourceTree = SDKROOT; };
		C51CA6E71CF6243700323A60 /* ComecoViewController.swift */ = {isa = PBXFileReference; fileEncoding = 4; lastKnownFileType = sourcecode.swift; path = ComecoViewController.swift; sourceTree = "<group>"; };
		C51CA6E91CF6270B00323A60 /* AutenticacaoViewController.swift */ = {isa = PBXFileReference; fileEncoding = 4; lastKnownFileType = sourcecode.swift; path = AutenticacaoViewController.swift; sourceTree = "<group>"; };
		C51CA6EB1CF629AE00323A60 /* PesquisaSegue.swift */ = {isa = PBXFileReference; fileEncoding = 4; lastKnownFileType = sourcecode.swift; path = PesquisaSegue.swift; sourceTree = "<group>"; };
		C51CA6ED1CF62D8F00323A60 /* MyTableViewCell.swift */ = {isa = PBXFileReference; fileEncoding = 4; lastKnownFileType = sourcecode.swift; path = MyTableViewCell.swift; sourceTree = "<group>"; };
		C51CA6F61CF6362500323A60 /* Main.storyboard */ = {isa = PBXFileReference; fileEncoding = 4; lastKnownFileType = file.storyboard; path = Main.storyboard; sourceTree = "<group>"; };
		C5F7C6251CF4E1A600EA7070 /* ResearchKit.xcodeproj */ = {isa = PBXFileReference; lastKnownFileType = "wrapper.pb-project"; name = ResearchKit.xcodeproj; path = "../Downloads/ResearchKit-master/ResearchKit.xcodeproj"; sourceTree = "<group>"; };
		C5F7C6351CF4E4D300EA7070 /* MongolInstruction.swift */ = {isa = PBXFileReference; fileEncoding = 4; lastKnownFileType = sourcecode.swift; path = MongolInstruction.swift; sourceTree = "<group>"; };
		C5F7C6391CF4F01700EA7070 /* MongolVideoPlayer.swift */ = {isa = PBXFileReference; fileEncoding = 4; lastKnownFileType = sourcecode.swift; path = MongolVideoPlayer.swift; sourceTree = "<group>"; };
		C5F7C63A1CF4F01700EA7070 /* MongolAudioPlayer.swift */ = {isa = PBXFileReference; fileEncoding = 4; lastKnownFileType = sourcecode.swift; path = MongolAudioPlayer.swift; sourceTree = "<group>"; };
		C5F7C63D1CF4F01D00EA7070 /* ezenggileer.mp3 */ = {isa = PBXFileReference; lastKnownFileType = audio.mp3; path = ezenggileer.mp3; sourceTree = "<group>"; };
		C5F7C63E1CF4F01D00EA7070 /* Batzorig Vaanchig - Morin Khuur.mp4 */ = {isa = PBXFileReference; lastKnownFileType = file; path = "Batzorig Vaanchig - Morin Khuur.mp4"; sourceTree = "<group>"; };
/* End PBXFileReference section */

/* Begin PBXFrameworksBuildPhase section */
		197DA08C1CF4CC33004E4909 /* Frameworks */ = {
			isa = PBXFrameworksBuildPhase;
			buildActionMask = 2147483647;
			files = (
				C51CA6F21CF634A600323A60 /* ResearchKit.framework in Frameworks */,
			);
			runOnlyForDeploymentPostprocessing = 0;
		};
/* End PBXFrameworksBuildPhase section */

/* Begin PBXGroup section */
		197DA0861CF4CC33004E4909 = {
			isa = PBXGroup;
			children = (
				19A00A381CF638C2002D07D8 /* Ayan_sings.gif */,
				C51CA6E31CF61C3000323A60 /* LocalAuthentication.framework */,
				C5F7C63D1CF4F01D00EA7070 /* ezenggileer.mp3 */,
				C5F7C63E1CF4F01D00EA7070 /* Batzorig Vaanchig - Morin Khuur.mp4 */,
				C5F7C6251CF4E1A600EA7070 /* ResearchKit.xcodeproj */,
				19A00A3A1CF638F9002D07D8 /* ResearchKit.xcodeproj */,
				19A00A351CF62454002D07D8 /* CloudKit.framework */,
				197DA0911CF4CC33004E4909 /* GargantaResearch */,
				197DA0901CF4CC33004E4909 /* Products */,
			);
			sourceTree = "<group>";
		};
		197DA0901CF4CC33004E4909 /* Products */ = {
			isa = PBXGroup;
			children = (
				197DA08F1CF4CC33004E4909 /* GargantaResearch.app */,
			);
			name = Products;
			sourceTree = "<group>";
		};
		197DA0911CF4CC33004E4909 /* GargantaResearch */ = {
			isa = PBXGroup;
			children = (
				C5F7C6391CF4F01700EA7070 /* MongolVideoPlayer.swift */,
				C5F7C63A1CF4F01700EA7070 /* MongolAudioPlayer.swift */,
				19A00A341CF62435002D07D8 /* GargantaResearch.entitlements */,
				197DA0921CF4CC33004E4909 /* AppDelegate.swift */,
				197DA0941CF4CC33004E4909 /* ViewController.swift */,
				C51CA6ED1CF62D8F00323A60 /* MyTableViewCell.swift */,
				197DA0991CF4CC33004E4909 /* Assets.xcassets */,
				197DA09B1CF4CC33004E4909 /* LaunchScreen.storyboard */,
				C51CA6E91CF6270B00323A60 /* AutenticacaoViewController.swift */,
				197DA09E1CF4CC33004E4909 /* Info.plist */,
				C5F7C6351CF4E4D300EA7070 /* MongolInstruction.swift */,
				C51CA6E71CF6243700323A60 /* ComecoViewController.swift */,
				C51CA6EB1CF629AE00323A60 /* PesquisaSegue.swift */,
				C51CA6F61CF6362500323A60 /* Main.storyboard */,
			);
			path = GargantaResearch;
			sourceTree = "<group>";
		};
		19A00A3B1CF638F9002D07D8 /* Products */ = {
			isa = PBXGroup;
			children = (
				19A00A411CF638F9002D07D8 /* ResearchKit.framework */,
				19A00A431CF638F9002D07D8 /* ResearchKitTests.xctest */,
			);
			name = Products;
			sourceTree = "<group>";
		};
		C5F7C6261CF4E1A600EA7070 /* Products */ = {
			isa = PBXGroup;
			children = (
				C5F7C62C1CF4E1A600EA7070 /* ResearchKit.framework */,
				C5F7C62E1CF4E1A600EA7070 /* ResearchKitTests.xctest */,
			);
			name = Products;
			sourceTree = "<group>";
		};
/* End PBXGroup section */

/* Begin PBXNativeTarget section */
		197DA08E1CF4CC33004E4909 /* GargantaResearch */ = {
			isa = PBXNativeTarget;
			buildConfigurationList = 197DA0A11CF4CC33004E4909 /* Build configuration list for PBXNativeTarget "GargantaResearch" */;
			buildPhases = (
				197DA08B1CF4CC33004E4909 /* Sources */,
				197DA08C1CF4CC33004E4909 /* Frameworks */,
				197DA08D1CF4CC33004E4909 /* Resources */,
				C5F7C6341CF4E2E600EA7070 /* Embed Frameworks */,
			);
			buildRules = (
			);
			dependencies = (
				C5F7C6331CF4E2E600EA7070 /* PBXTargetDependency */,
				C51CA6F51CF634A600323A60 /* PBXTargetDependency */,
			);
			name = GargantaResearch;
			productName = GargantaResearch;
			productReference = 197DA08F1CF4CC33004E4909 /* GargantaResearch.app */;
			productType = "com.apple.product-type.application";
		};
/* End PBXNativeTarget section */

/* Begin PBXProject section */
		197DA0871CF4CC33004E4909 /* Project object */ = {
			isa = PBXProject;
			attributes = {
				LastSwiftUpdateCheck = 0730;
				LastUpgradeCheck = 0730;
				ORGANIZATIONNAME = "Gustavo Henrique";
				TargetAttributes = {
					197DA08E1CF4CC33004E4909 = {
						CreatedOnToolsVersion = 7.3.1;
						DevelopmentTeam = CK76EYN8RB;
						SystemCapabilities = {
							com.apple.iCloud = {
								enabled = 0;
							};
						};
					};
				};
			};
			buildConfigurationList = 197DA08A1CF4CC33004E4909 /* Build configuration list for PBXProject "GargantaResearch" */;
			compatibilityVersion = "Xcode 3.2";
			developmentRegion = English;
			hasScannedForEncodings = 0;
			knownRegions = (
				en,
				Base,
			);
			mainGroup = 197DA0861CF4CC33004E4909;
			productRefGroup = 197DA0901CF4CC33004E4909 /* Products */;
			projectDirPath = "";
			projectReferences = (
				{
					ProductGroup = 19A00A3B1CF638F9002D07D8 /* Products */;
					ProjectRef = 19A00A3A1CF638F9002D07D8 /* ResearchKit.xcodeproj */;
				},
				{
					ProductGroup = C5F7C6261CF4E1A600EA7070 /* Products */;
					ProjectRef = C5F7C6251CF4E1A600EA7070 /* ResearchKit.xcodeproj */;
				},
			);
			projectRoot = "";
			targets = (
				197DA08E1CF4CC33004E4909 /* GargantaResearch */,
			);
		};
/* End PBXProject section */

/* Begin PBXReferenceProxy section */
		19A00A411CF638F9002D07D8 /* ResearchKit.framework */ = {
			isa = PBXReferenceProxy;
			fileType = wrapper.framework;
			path = ResearchKit.framework;
			remoteRef = 19A00A401CF638F9002D07D8 /* PBXContainerItemProxy */;
			sourceTree = BUILT_PRODUCTS_DIR;
		};
		19A00A431CF638F9002D07D8 /* ResearchKitTests.xctest */ = {
			isa = PBXReferenceProxy;
			fileType = wrapper.cfbundle;
			path = ResearchKitTests.xctest;
			remoteRef = 19A00A421CF638F9002D07D8 /* PBXContainerItemProxy */;
			sourceTree = BUILT_PRODUCTS_DIR;
		};
		C5F7C62C1CF4E1A600EA7070 /* ResearchKit.framework */ = {
			isa = PBXReferenceProxy;
			fileType = wrapper.framework;
			path = ResearchKit.framework;
			remoteRef = C5F7C62B1CF4E1A600EA7070 /* PBXContainerItemProxy */;
			sourceTree = BUILT_PRODUCTS_DIR;
		};
		C5F7C62E1CF4E1A600EA7070 /* ResearchKitTests.xctest */ = {
			isa = PBXReferenceProxy;
			fileType = wrapper.cfbundle;
			path = ResearchKitTests.xctest;
			remoteRef = C5F7C62D1CF4E1A600EA7070 /* PBXContainerItemProxy */;
			sourceTree = BUILT_PRODUCTS_DIR;
		};
/* End PBXReferenceProxy section */

/* Begin PBXResourcesBuildPhase section */
		197DA08D1CF4CC33004E4909 /* Resources */ = {
			isa = PBXResourcesBuildPhase;
			buildActionMask = 2147483647;
			files = (
				197DA09D1CF4CC33004E4909 /* LaunchScreen.storyboard in Resources */,
				C5F7C63F1CF4F01D00EA7070 /* ezenggileer.mp3 in Resources */,
				C5F7C6401CF4F01D00EA7070 /* Batzorig Vaanchig - Morin Khuur.mp4 in Resources */,
				C51CA6F71CF6362500323A60 /* Main.storyboard in Resources */,
				19A00A391CF638C2002D07D8 /* Ayan_sings.gif in Resources */,
				197DA09A1CF4CC33004E4909 /* Assets.xcassets in Resources */,
			);
			runOnlyForDeploymentPostprocessing = 0;
		};
/* End PBXResourcesBuildPhase section */

/* Begin PBXSourcesBuildPhase section */
		197DA08B1CF4CC33004E4909 /* Sources */ = {
			isa = PBXSourcesBuildPhase;
			buildActionMask = 2147483647;
			files = (
				C51CA6EA1CF6270B00323A60 /* AutenticacaoViewController.swift in Sources */,
				C5F7C6361CF4E4D300EA7070 /* MongolInstruction.swift in Sources */,
				C51CA6EC1CF629AE00323A60 /* PesquisaSegue.swift in Sources */,
				197DA0951CF4CC33004E4909 /* ViewController.swift in Sources */,
				C5F7C63C1CF4F01700EA7070 /* MongolAudioPlayer.swift in Sources */,
				C51CA6EE1CF62D8F00323A60 /* MyTableViewCell.swift in Sources */,
				C5F7C63B1CF4F01700EA7070 /* MongolVideoPlayer.swift in Sources */,
				C51CA6E81CF6243700323A60 /* ComecoViewController.swift in Sources */,
				197DA0931CF4CC33004E4909 /* AppDelegate.swift in Sources */,
			);
			runOnlyForDeploymentPostprocessing = 0;
		};
/* End PBXSourcesBuildPhase section */

/* Begin PBXTargetDependency section */
		C51CA6F51CF634A600323A60 /* PBXTargetDependency */ = {
			isa = PBXTargetDependency;
			name = ResearchKit;
			targetProxy = C51CA6F41CF634A600323A60 /* PBXContainerItemProxy */;
		};
		C5F7C6331CF4E2E600EA7070 /* PBXTargetDependency */ = {
			isa = PBXTargetDependency;
			name = ResearchKit;
			targetProxy = C5F7C6321CF4E2E600EA7070 /* PBXContainerItemProxy */;
		};
/* End PBXTargetDependency section */

/* Begin PBXVariantGroup section */
		197DA09B1CF4CC33004E4909 /* LaunchScreen.storyboard */ = {
			isa = PBXVariantGroup;
			children = (
				197DA09C1CF4CC33004E4909 /* Base */,
			);
			name = LaunchScreen.storyboard;
			sourceTree = "<group>";
		};
/* End PBXVariantGroup section */

/* Begin XCBuildConfiguration section */
		197DA09F1CF4CC33004E4909 /* Debug */ = {
			isa = XCBuildConfiguration;
			buildSettings = {
				ALWAYS_SEARCH_USER_PATHS = NO;
				CLANG_ANALYZER_NONNULL = YES;
				CLANG_CXX_LANGUAGE_STANDARD = "gnu++0x";
				CLANG_CXX_LIBRARY = "libc++";
				CLANG_ENABLE_MODULES = YES;
				CLANG_ENABLE_OBJC_ARC = YES;
				CLANG_WARN_BOOL_CONVERSION = YES;
				CLANG_WARN_CONSTANT_CONVERSION = YES;
				CLANG_WARN_DIRECT_OBJC_ISA_USAGE = YES_ERROR;
				CLANG_WARN_EMPTY_BODY = YES;
				CLANG_WARN_ENUM_CONVERSION = YES;
				CLANG_WARN_INT_CONVERSION = YES;
				CLANG_WARN_OBJC_ROOT_CLASS = YES_ERROR;
				CLANG_WARN_UNREACHABLE_CODE = YES;
				CLANG_WARN__DUPLICATE_METHOD_MATCH = YES;
				"CODE_SIGN_IDENTITY[sdk=iphoneos*]" = "iPhone Developer";
				COPY_PHASE_STRIP = NO;
				DEBUG_INFORMATION_FORMAT = dwarf;
				ENABLE_STRICT_OBJC_MSGSEND = YES;
				ENABLE_TESTABILITY = YES;
				GCC_C_LANGUAGE_STANDARD = gnu99;
				GCC_DYNAMIC_NO_PIC = NO;
				GCC_NO_COMMON_BLOCKS = YES;
				GCC_OPTIMIZATION_LEVEL = 0;
				GCC_PREPROCESSOR_DEFINITIONS = (
					"DEBUG=1",
					"$(inherited)",
				);
				GCC_WARN_64_TO_32_BIT_CONVERSION = YES;
				GCC_WARN_ABOUT_RETURN_TYPE = YES_ERROR;
				GCC_WARN_UNDECLARED_SELECTOR = YES;
				GCC_WARN_UNINITIALIZED_AUTOS = YES_AGGRESSIVE;
				GCC_WARN_UNUSED_FUNCTION = YES;
				GCC_WARN_UNUSED_VARIABLE = YES;
				IPHONEOS_DEPLOYMENT_TARGET = 9.3;
				MTL_ENABLE_DEBUG_INFO = YES;
				ONLY_ACTIVE_ARCH = YES;
				SDKROOT = iphoneos;
				SWIFT_OPTIMIZATION_LEVEL = "-Onone";
				TARGETED_DEVICE_FAMILY = "1,2";
			};
			name = Debug;
		};
		197DA0A01CF4CC33004E4909 /* Release */ = {
			isa = XCBuildConfiguration;
			buildSettings = {
				ALWAYS_SEARCH_USER_PATHS = NO;
				CLANG_ANALYZER_NONNULL = YES;
				CLANG_CXX_LANGUAGE_STANDARD = "gnu++0x";
				CLANG_CXX_LIBRARY = "libc++";
				CLANG_ENABLE_MODULES = YES;
				CLANG_ENABLE_OBJC_ARC = YES;
				CLANG_WARN_BOOL_CONVERSION = YES;
				CLANG_WARN_CONSTANT_CONVERSION = YES;
				CLANG_WARN_DIRECT_OBJC_ISA_USAGE = YES_ERROR;
				CLANG_WARN_EMPTY_BODY = YES;
				CLANG_WARN_ENUM_CONVERSION = YES;
				CLANG_WARN_INT_CONVERSION = YES;
				CLANG_WARN_OBJC_ROOT_CLASS = YES_ERROR;
				CLANG_WARN_UNREACHABLE_CODE = YES;
				CLANG_WARN__DUPLICATE_METHOD_MATCH = YES;
				"CODE_SIGN_IDENTITY[sdk=iphoneos*]" = "iPhone Developer";
				COPY_PHASE_STRIP = NO;
				DEBUG_INFORMATION_FORMAT = "dwarf-with-dsym";
				ENABLE_NS_ASSERTIONS = NO;
				ENABLE_STRICT_OBJC_MSGSEND = YES;
				GCC_C_LANGUAGE_STANDARD = gnu99;
				GCC_NO_COMMON_BLOCKS = YES;
				GCC_WARN_64_TO_32_BIT_CONVERSION = YES;
				GCC_WARN_ABOUT_RETURN_TYPE = YES_ERROR;
				GCC_WARN_UNDECLARED_SELECTOR = YES;
				GCC_WARN_UNINITIALIZED_AUTOS = YES_AGGRESSIVE;
				GCC_WARN_UNUSED_FUNCTION = YES;
				GCC_WARN_UNUSED_VARIABLE = YES;
				IPHONEOS_DEPLOYMENT_TARGET = 9.3;
				MTL_ENABLE_DEBUG_INFO = NO;
				SDKROOT = iphoneos;
				TARGETED_DEVICE_FAMILY = "1,2";
				VALIDATE_PRODUCT = YES;
			};
			name = Release;
		};
		197DA0A21CF4CC33004E4909 /* Debug */ = {
			isa = XCBuildConfiguration;
			buildSettings = {
				ASSETCATALOG_COMPILER_APPICON_NAME = AppIcon;
				CODE_SIGN_IDENTITY = "iPhone Developer";
				"CODE_SIGN_IDENTITY[sdk=iphoneos*]" = "iPhone Developer";
				EMBEDDED_CONTENT_CONTAINS_SWIFT = YES;
				INFOPLIST_FILE = GargantaResearch/Info.plist;
				LD_RUNPATH_SEARCH_PATHS = "$(inherited) @executable_path/Frameworks";
				PRODUCT_BUNDLE_IDENTIFIER = gh.GargantaResearch;
				PRODUCT_NAME = "$(TARGET_NAME)";
				PROVISIONING_PROFILE = "";
			};
			name = Debug;
		};
		197DA0A31CF4CC33004E4909 /* Release */ = {
			isa = XCBuildConfiguration;
			buildSettings = {
				ASSETCATALOG_COMPILER_APPICON_NAME = AppIcon;
				CODE_SIGN_IDENTITY = "iPhone Developer";
				"CODE_SIGN_IDENTITY[sdk=iphoneos*]" = "iPhone Developer";
				EMBEDDED_CONTENT_CONTAINS_SWIFT = YES;
				INFOPLIST_FILE = GargantaResearch/Info.plist;
				LD_RUNPATH_SEARCH_PATHS = "$(inherited) @executable_path/Frameworks";
				PRODUCT_BUNDLE_IDENTIFIER = gh.GargantaResearch;
				PRODUCT_NAME = "$(TARGET_NAME)";
				PROVISIONING_PROFILE = "";
			};
			name = Release;
		};
/* End XCBuildConfiguration section */

/* Begin XCConfigurationList section */
		197DA08A1CF4CC33004E4909 /* Build configuration list for PBXProject "GargantaResearch" */ = {
			isa = XCConfigurationList;
			buildConfigurations = (
				197DA09F1CF4CC33004E4909 /* Debug */,
				197DA0A01CF4CC33004E4909 /* Release */,
			);
			defaultConfigurationIsVisible = 0;
			defaultConfigurationName = Release;
		};
		197DA0A11CF4CC33004E4909 /* Build configuration list for PBXNativeTarget "GargantaResearch" */ = {
			isa = XCConfigurationList;
			buildConfigurations = (
				197DA0A21CF4CC33004E4909 /* Debug */,
				197DA0A31CF4CC33004E4909 /* Release */,
			);
			defaultConfigurationIsVisible = 0;
			defaultConfigurationName = Release;
		};
/* End XCConfigurationList section */
	};
	rootObject = 197DA0871CF4CC33004E4909 /* Project object */;
}
